
Microsoft Visual Studio Solution File, Format Version 12.00
# Visual Studio Version 17
VisualStudioVersion = 17.2.32602.215
MinimumVisualStudioVersion = 10.0.40219.1
Project("{9A19103F-16F7-4668-BE54-9A1E7A4F7556}") = "SteamDeckWindows", "App\SteamDeckWindows.csproj", "{4578639B-D901-42A2-A654-3FC7EFCA9B07}"
EndProject
Project("{54435603-DBB4-11D2-8724-00A0C9A8B90C}") = "SteamDeckWindowsSetup", "Setup\SteamDeckWindowsSetup.vdproj", "{6F968D62-CB97-4D26-A4D6-4828F871DEFC}"
EndProject
Project("{9A19103F-16F7-4668-BE54-9A1E7A4F7556}") = "SteamDeckWindowsPublish", "Publish\SteamDeckWindowsPublish.csproj", "{E9553013-F29C-451A-9DF8-F9009EE77535}"
EndProject
Global
	GlobalSection(SolutionConfigurationPlatforms) = preSolution
		Debug|Any CPU = Debug|Any CPU
		Release|Any CPU = Release|Any CPU
	EndGlobalSection
	GlobalSection(ProjectConfigurationPlatforms) = postSolution
		{4578639B-D901-42A2-A654-3FC7EFCA9B07}.Debug|Any CPU.ActiveCfg = Debug|Any CPU
		{4578639B-D901-42A2-A654-3FC7EFCA9B07}.Debug|Any CPU.Build.0 = Debug|Any CPU
		{4578639B-D901-42A2-A654-3FC7EFCA9B07}.Release|Any CPU.ActiveCfg = Release|Any CPU
		{4578639B-D901-42A2-A654-3FC7EFCA9B07}.Release|Any CPU.Build.0 = Release|Any CPU
		{6F968D62-CB97-4D26-A4D6-4828F871DEFC}.Debug|Any CPU.ActiveCfg = Release
		{6F968D62-CB97-4D26-A4D6-4828F871DEFC}.Release|Any CPU.ActiveCfg = Release
		{6F968D62-CB97-4D26-A4D6-4828F871DEFC}.Release|Any CPU.Build.0 = Release
		{E9553013-F29C-451A-9DF8-F9009EE77535}.Debug|Any CPU.ActiveCfg = Release|Any CPU
		{E9553013-F29C-451A-9DF8-F9009EE77535}.Release|Any CPU.ActiveCfg = Release|Any CPU
		{E9553013-F29C-451A-9DF8-F9009EE77535}.Release|Any CPU.Build.0 = Release|Any CPU
	EndGlobalSection
	GlobalSection(SolutionProperties) = preSolution
		HideSolutionNode = FALSE
	EndGlobalSection
	GlobalSection(ExtensibilityGlobals) = postSolution
		SolutionGuid = {4C73EB4D-D31B-4CDD-8735-D14C8B372B82}
	EndGlobalSection
EndGlobal
